lockfileVersion: '9.0'

settings:
  autoInstallPeers: true
  excludeLinksFromLockfile: false

catalogs:
  default:
    typescript:
      specifier: ^5.9.2
      version: 5.9.3

importers:

  .: {}

  packages/agent:
    devDependencies:
      typescript:
        specifier: 'catalog:'
        version: 5.9.3

  packages/executor:
    devDependencies:
      typescript:
        specifier: 'catalog:'
        version: 5.9.3

  packages/gateway:
    devDependencies:
      typescript:
        specifier: 'catalog:'
        version: 5.9.3

  packages/indexer:
    devDependencies:
      typescript:
        specifier: 'catalog:'
        version: 5.9.3

  packages/services:
    devDependencies:
      typescript:
        specifier: 'catalog:'
        version: 5.9.3

  packages/shared:
    devDependencies:
      typescript:
        specifier: 'catalog:'
        version: 5.9.3

  packages/web:
    devDependencies:
      typescript:
        specifier: 'catalog:'
        version: 5.9.3

packages:

  typescript@5.9.3:
    resolution: {integrity: sha512-jl1vZzPDinLr9eUt3J/t7V6FgNEw9QjvBPdysz9KfQDD41fQrC2Y4vKQdiaUpFT4bXlb1RHhLpp8wtm6M5TgSw==}
    engines: {node: '>=14.17'}
    hasBin: true

snapshots:

  typescript@5.9.3: {}
